
Microsoft Visual Studio Solution File, Format Version 12.00
# Visual Studio 2013
VisualStudioVersion = 12.0.31101.0
MinimumVisualStudioVersion = 10.0.40219.1
Project("{FAE04EC0-301F-11D3-BF4B-00C04F79EFBC}") = "DataDriven1", "DataDriven1\DataDriven1.csproj", "{DB770EE4-922E-4FD0-9A55-E0FC363F76D8}"
EndProject
Project("{FAE04EC0-301F-11D3-BF4B-00C04F79EFBC}") = "ConsoleApplication2", "ConsoleApplication2\ConsoleApplication2.csproj", "{C807070B-3E76-4C15-9F59-DFD1EBA88E6D}"
EndProject
Global
	GlobalSection(SolutionConfigurationPlatforms) = preSolution
		Debug|Any CPU = Debug|Any CPU
		Release|Any CPU = Release|Any CPU
	EndGlobalSection
	GlobalSection(ProjectConfigurationPlatforms) = postSolution
		{DB770EE4-922E-4FD0-9A55-E0FC363F76D8}.Debug|Any CPU.ActiveCfg = Debug|Any CPU
		{DB770EE4-922E-4FD0-9A55-E0FC363F76D8}.Debug|Any CPU.Build.0 = Debug|Any CPU
		{DB770EE4-922E-4FD0-9A55-E0FC363F76D8}.Release|Any CPU.ActiveCfg = Release|Any CPU
		{DB770EE4-922E-4FD0-9A55-E0FC363F76D8}.Release|Any CPU.Build.0 = Release|Any CPU
		{C807070B-3E76-4C15-9F59-DFD1EBA88E6D}.Debug|Any CPU.ActiveCfg = Debug|Any CPU
		{C807070B-3E76-4C15-9F59-DFD1EBA88E6D}.Debug|Any CPU.Build.0 = Debug|Any CPU
		{C807070B-3E76-4C15-9F59-DFD1EBA88E6D}.Release|Any CPU.ActiveCfg = Release|Any CPU
		{C807070B-3E76-4C15-9F59-DFD1EBA88E6D}.Release|Any CPU.Build.0 = Release|Any CPU
	EndGlobalSection
	GlobalSection(SolutionProperties) = preSolution
		HideSolutionNode = FALSE
	EndGlobalSection
EndGlobal
